{
  "version": 4,
  "terraform_version": "1.5.7",
  "serial": 578,
  "lineage": "50293098-c140-65a6-8831-e1468dcba33a",
  "outputs": {
    "instance_public_ips": {
      "value": {
        "master": "142.93.220.177",
        "slave-1": "142.93.220.154"
      },
      "type": [
        "object",
        {
          "master": "string",
          "slave-1": "string"
        }
      ]
    }
  },
  "resources": [
    {
      "mode": "managed",
      "type": "digitalocean_droplet",
      "name": "cluster",
      "provider": "provider[\"registry.terraform.io/digitalocean/digitalocean\"]",
      "instances": [
        {
          "index_key": 0,
          "schema_version": 1,
          "attributes": {
            "backups": false,
            "created_at": "2023-09-30T06:27:51Z",
            "disk": 60,
            "droplet_agent": null,
            "graceful_shutdown": false,
            "id": "377256700",
            "image": "ubuntu-22-04-x64",
            "ipv4_address": "142.93.220.177",
            "ipv4_address_private": "10.122.0.4",
            "ipv6": false,
            "ipv6_address": "",
            "locked": false,
            "memory": 2048,
            "monitoring": false,
            "name": "master",
            "price_hourly": 0.02679,
            "price_monthly": 18,
            "private_networking": true,
            "region": "blr1",
            "resize_disk": true,
            "size": "s-2vcpu-2gb",
            "ssh_keys": [
              "a8:8b:95:5f:8d:7f:67:71:b9:01:06:59:f7:38:81:49"
            ],
            "status": "active",
            "tags": null,
            "timeouts": null,
            "urn": "do:droplet:377256700",
            "user_data": null,
            "vcpus": 2,
            "volume_ids": [],
            "vpc_uuid": "455ba1b4-8d6c-4151-9100-7a8066de1180"
          },
          "sensitive_attributes": [],
          "private": "eyJlMmJmYjczMC1lY2FhLTExZTYtOGY4OC0zNDM2M2JjN2M0YzAiOnsiY3JlYXRlIjozNjAwMDAwMDAwMDAwLCJkZWxldGUiOjYwMDAwMDAwMDAwLCJ1cGRhdGUiOjM2MDAwMDAwMDAwMDB9LCJzY2hlbWFfdmVyc2lvbiI6IjEifQ==",
          "dependencies": [
            "digitalocean_ssh_key.default"
          ]
        },
        {
          "index_key": 1,
          "schema_version": 1,
          "attributes": {
            "backups": false,
            "created_at": "2023-09-30T06:27:51Z",
            "disk": 60,
            "droplet_agent": null,
            "graceful_shutdown": false,
            "id": "377256699",
            "image": "ubuntu-22-04-x64",
            "ipv4_address": "142.93.220.154",
            "ipv4_address_private": "10.122.0.3",
            "ipv6": false,
            "ipv6_address": "",
            "locked": false,
            "memory": 2048,
            "monitoring": false,
            "name": "slave-1",
            "price_hourly": 0.02679,
            "price_monthly": 18,
            "private_networking": true,
            "region": "blr1",
            "resize_disk": true,
            "size": "s-2vcpu-2gb",
            "ssh_keys": [
              "a8:8b:95:5f:8d:7f:67:71:b9:01:06:59:f7:38:81:49"
            ],
            "status": "active",
            "tags": null,
            "timeouts": null,
            "urn": "do:droplet:377256699",
            "user_data": null,
            "vcpus": 2,
            "volume_ids": [],
            "vpc_uuid": "455ba1b4-8d6c-4151-9100-7a8066de1180"
          },
          "sensitive_attributes": [],
          "private": "eyJlMmJmYjczMC1lY2FhLTExZTYtOGY4OC0zNDM2M2JjN2M0YzAiOnsiY3JlYXRlIjozNjAwMDAwMDAwMDAwLCJkZWxldGUiOjYwMDAwMDAwMDAwLCJ1cGRhdGUiOjM2MDAwMDAwMDAwMDB9LCJzY2hlbWFfdmVyc2lvbiI6IjEifQ==",
          "dependencies": [
            "digitalocean_ssh_key.default"
          ]
        }
      ]
    },
    {
      "mode": "managed",
      "type": "digitalocean_ssh_key",
      "name": "default",
      "provider": "provider[\"registry.terraform.io/digitalocean/digitalocean\"]",
      "instances": [
        {
          "schema_version": 0,
          "attributes": {
            "fingerprint": "a8:8b:95:5f:8d:7f:67:71:b9:01:06:59:f7:38:81:49",
            "id": "39553825",
            "name": "sshansiblekey",
            "public_key": "ssh-ed25519 AAAAC3NzaC1lZDI1NTE5AAAAINGI5qF4FulD+UPEr0efqrSbbueIjejI3ryOT8lXpgBh hp@pop-os\n"
          },
          "sensitive_attributes": [],
          "private": "bnVsbA=="
        }
      ]
    }
  ],
  "check_results": null
}
